
Microsoft Visual Studio Solution File, Format Version 12.00
# Visual Studio Version 17
VisualStudioVersion = 17.4.33110.190
MinimumVisualStudioVersion = 10.0.40219.1
Project("{FAE04EC0-301F-11D3-BF4B-00C04F79EFBC}") = "Abramow", "Abramow\Abramow.csproj", "{49504886-9E98-483B-9C93-11B6F20B82EA}"
EndProject
Global
	GlobalSection(SolutionConfigurationPlatforms) = preSolution
		Debug|Any CPU = Debug|Any CPU
		Release|Any CPU = Release|Any CPU
	EndGlobalSection
	GlobalSection(ProjectConfigurationPlatforms) = postSolution
		{49504886-9E98-483B-9C93-11B6F20B82EA}.Debug|Any CPU.ActiveCfg = Debug|Any CPU
		{49504886-9E98-483B-9C93-11B6F20B82EA}.Debug|Any CPU.Build.0 = Debug|Any CPU
		{49504886-9E98-483B-9C93-11B6F20B82EA}.Release|Any CPU.ActiveCfg = Release|Any CPU
		{49504886-9E98-483B-9C93-11B6F20B82EA}.Release|Any CPU.Build.0 = Release|Any CPU
	EndGlobalSection
	GlobalSection(SolutionProperties) = preSolution
		HideSolutionNode = FALSE
	EndGlobalSection
	GlobalSection(ExtensibilityGlobals) = postSolution
		SolutionGuid = {5C41FBD2-7C76-4614-9A83-F380AE4CEA9B}
	EndGlobalSection
EndGlobal
